
Microsoft Visual Studio Solution File, Format Version 12.00
# Visual Studio Version 16
VisualStudioVersion = 16.0.29613.14
MinimumVisualStudioVersion = 10.0.40219.1
Project("{FAE04EC0-301F-11D3-BF4B-00C04F79EFBC}") = "BiosphereCore", "BiosphereCore.csproj", "{F91E3660-FDF1-4792-A046-5B00D41C7E72}"
EndProject
Global
	GlobalSection(SolutionConfigurationPlatforms) = preSolution
		Debug|Any CPU = Debug|Any CPU
		Release|Any CPU = Release|Any CPU
	EndGlobalSection
	GlobalSection(ProjectConfigurationPlatforms) = postSolution
		{F91E3660-FDF1-4792-A046-5B00D41C7E72}.Debug|Any CPU.ActiveCfg = Debug|Any CPU
		{F91E3660-FDF1-4792-A046-5B00D41C7E72}.Debug|Any CPU.Build.0 = Debug|Any CPU
		{F91E3660-FDF1-4792-A046-5B00D41C7E72}.Release|Any CPU.ActiveCfg = Release|Any CPU
		{F91E3660-FDF1-4792-A046-5B00D41C7E72}.Release|Any CPU.Build.0 = Release|Any CPU
	EndGlobalSection
	GlobalSection(SolutionProperties) = preSolution
		HideSolutionNode = FALSE
	EndGlobalSection
	GlobalSection(ExtensibilityGlobals) = postSolution
		SolutionGuid = {3625CB24-48EA-402B-9E27-324E493E320B}
	EndGlobalSection
EndGlobal
